// !$*UTF8*$!
{
	archiveVersion = 1;
	classes = {
	};
	objectVersion = 50;
	objects = {

/* Begin PBXBuildFile section */
		9A091C7921E3BCB90007F332 /* AppDelegate.swift in Sources */ = {isa = PBXBuildFile; fileRef = 9A091C7821E3BCB90007F332 /* AppDelegate.swift */; };
		9A091C7E21E3BCB90007F332 /* Main.storyboard in Resources */ = {isa = PBXBuildFile; fileRef = 9A091C7C21E3BCB90007F332 /* Main.storyboard */; };
		9A091C8121E3BCB90007F332 /* RememberList.xcdatamodeld in Sources */ = {isa = PBXBuildFile; fileRef = 9A091C7F21E3BCB90007F332 /* RememberList.xcdatamodeld */; };
		9A091C8321E3BCBB0007F332 /* Assets.xcassets in Resources */ = {isa = PBXBuildFile; fileRef = 9A091C8221E3BCBB0007F332 /* Assets.xcassets */; };
		9A091C8621E3BCBB0007F332 /* LaunchScreen.storyboard in Resources */ = {isa = PBXBuildFile; fileRef = 9A091C8421E3BCBB0007F332 /* LaunchScreen.storyboard */; };
		9A091C9121E3BCBB0007F332 /* RememberListTests.swift in Sources */ = {isa = PBXBuildFile; fileRef = 9A091C9021E3BCBB0007F332 /* RememberListTests.swift */; };
		9A091C9C21E3BCBB0007F332 /* RememberListUITests.swift in Sources */ = {isa = PBXBuildFile; fileRef = 9A091C9B21E3BCBB0007F332 /* RememberListUITests.swift */; };
		9A091CAA21E3C3850007F332 /* ListTableViewController.swift in Sources */ = {isa = PBXBuildFile; fileRef = 9A091CA921E3C3850007F332 /* ListTableViewController.swift */; };
		9A091CAE21E3C8020007F332 /* DetailViewController.swift in Sources */ = {isa = PBXBuildFile; fileRef = 9A091CAD21E3C8020007F332 /* DetailViewController.swift */; };
		9A62F90621E513630085F675 /* ListModel.swift in Sources */ = {isa = PBXBuildFile; fileRef = 9A62F90521E513630085F675 /* ListModel.swift */; };
/* End PBXBuildFile section */

/* Begin PBXContainerItemProxy section */
		9A091C8D21E3BCBB0007F332 /* PBXContainerItemProxy */ = {
			isa = PBXContainerItemProxy;
			containerPortal = 9A091C6D21E3BCB90007F332 /* Project object */;
			proxyType = 1;
			remoteGlobalIDString = 9A091C7421E3BCB90007F332;
			remoteInfo = RememberList;
		};
		9A091C9821E3BCBB0007F332 /* PBXContainerItemProxy */ = {
			isa = PBXContainerItemProxy;
			containerPortal = 9A091C6D21E3BCB90007F332 /* Project object */;
			proxyType = 1;
			remoteGlobalIDString = 9A091C7421E3BCB90007F332;
			remoteInfo = RememberList;
		};
/* End PBXContainerItemProxy section */

/* Begin PBXFileReference section */
		9A091C7521E3BCB90007F332 /* RememberList.app */ = {isa = PBXFileReference; explicitFileType = wrapper.application; includeInIndex = 0; path = RememberList.app; sourceTree = BUILT_PRODUCTS_DIR; };
		9A091C7821E3BCB90007F332 /* AppDelegate.swift */ = {isa = PBXFileReference; lastKnownFileType = sourcecode.swift; path = AppDelegate.swift; sourceTree = "<group>"; };
		9A091C7D21E3BCB90007F332 /* Base */ = {isa = PBXFileReference; lastKnownFileType = file.storyboard; name = Base; path = Base.lproj/Main.storyboard; sourceTree = "<group>"; };
		9A091C8021E3BCB90007F332 /* RememberList.xcdatamodel */ = {isa = PBXFileReference; lastKnownFileType = wrapper.xcdatamodel; path = RememberList.xcdatamodel; sourceTree = "<group>"; };
		9A091C8221E3BCBB0007F332 /* Assets.xcassets */ = {isa = PBXFileReference; lastKnownFileType = folder.assetcatalog; path = Assets.xcassets; sourceTree = "<group>"; };
		9A091C8521E3BCBB0007F332 /* Base */ = {isa = PBXFileReference; lastKnownFileType = file.storyboard; name = Base; path = Base.lproj/LaunchScreen.storyboard; sourceTree = "<group>"; };
		9A091C8721E3BCBB0007F332 /* Info.plist */ = {isa = PBXFileReference; lastKnownFileType = text.plist.xml; path = Info.plist; sourceTree = "<group>"; };
		9A091C8C21E3BCBB0007F332 /* RememberListTests.xctest */ = {isa = PBXFileReference; explicitFileType = wrapper.cfbundle; includeInIndex = 0; path = RememberListTests.xctest; sourceTree = BUILT_PRODUCTS_DIR; };
		9A091C9021E3BCBB0007F332 /* RememberListTests.swift */ = {isa = PBXFileReference; lastKnownFileType = sourcecode.swift; path = RememberListTests.swift; sourceTree = "<group>"; };
		9A091C9221E3BCBB0007F332 /* Info.plist */ = {isa = PBXFileReference; lastKnownFileType = text.plist.xml; path = Info.plist; sourceTree = "<group>"; };
		9A091C9721E3BCBB0007F332 /* RememberListUITests.xctest */ = {isa = PBXFileReference; explicitFileType = wrapper.cfbundle; includeInIndex = 0; path = RememberListUITests.xctest; sourceTree = BUILT_PRODUCTS_DIR; };
		9A091C9B21E3BCBB0007F332 /* RememberListUITests.swift */ = {isa = PBXFileReference; lastKnownFileType = sourcecode.swift; path = RememberListUITests.swift; sourceTree = "<group>"; };
		9A091C9D21E3BCBB0007F332 /* Info.plist */ = {isa = PBXFileReference; lastKnownFileType = text.plist.xml; path = Info.plist; sourceTree = "<group>"; };
		9A091CA921E3C3850007F332 /* ListTableViewController.swift */ = {isa = PBXFileReference; lastKnownFileType = sourcecode.swift; path = ListTableViewController.swift; sourceTree = "<group>"; };
		9A091CAD21E3C8020007F332 /* DetailViewController.swift */ = {isa = PBXFileReference; lastKnownFileType = sourcecode.swift; path = DetailViewController.swift; sourceTree = "<group>"; };
		9A62F90521E513630085F675 /* ListModel.swift */ = {isa = PBXFileReference; lastKnownFileType = sourcecode.swift; path = ListModel.swift; sourceTree = "<group>"; };
/* End PBXFileReference section */

/* Begin PBXFrameworksBuildPhase section */
		9A091C7221E3BCB90007F332 /* Frameworks */ = {
			isa = PBXFrameworksBuildPhase;
			buildActionMask = 2147483647;
			files = (
			);
			runOnlyForDeploymentPostprocessing = 0;
		};
		9A091C8921E3BCBB0007F332 /* Frameworks */ = {
			isa = PBXFrameworksBuildPhase;
			buildActionMask = 2147483647;
			files = (
			);
			runOnlyForDeploymentPostprocessing = 0;
		};
		9A091C9421E3BCBB0007F332 /* Frameworks */ = {
			isa = PBXFrameworksBuildPhase;
			buildActionMask = 2147483647;
			files = (
			);
			runOnlyForDeploymentPostprocessing = 0;
		};
/* End PBXFrameworksBuildPhase section */

/* Begin PBXGroup section */
		9A091C6C21E3BCB90007F332 = {
			isa = PBXGroup;
			children = (
				9A091C7721E3BCB90007F332 /* RememberList */,
				9A091C8F21E3BCBB0007F332 /* RememberListTests */,
				9A091C9A21E3BCBB0007F332 /* RememberListUITests */,
				9A091C7621E3BCB90007F332 /* Products */,
			);
			sourceTree = "<group>";
		};
		9A091C7621E3BCB90007F332 /* Products */ = {
			isa = PBXGroup;
			children = (
				9A091C7521E3BCB90007F332 /* RememberList.app */,
				9A091C8C21E3BCBB0007F332 /* RememberListTests.xctest */,
				9A091C9721E3BCBB0007F332 /* RememberListUITests.xctest */,
			);
			name = Products;
			sourceTree = "<group>";
		};
		9A091C7721E3BCB90007F332 /* RememberList */ = {
			isa = PBXGroup;
			children = (
				9A091C7821E3BCB90007F332 /* AppDelegate.swift */,
				9A091CAD21E3C8020007F332 /* DetailViewController.swift */,
				9A091C7C21E3BCB90007F332 /* Main.storyboard */,
				9A091CA921E3C3850007F332 /* ListTableViewController.swift */,
				9A62F90521E513630085F675 /* ListModel.swift */,
				9A091C8221E3BCBB0007F332 /* Assets.xcassets */,
				9A091C8421E3BCBB0007F332 /* LaunchScreen.storyboard */,
				9A091C8721E3BCBB0007F332 /* Info.plist */,
				9A091C7F21E3BCB90007F332 /* RememberList.xcdatamodeld */,
			);
			path = RememberList;
			sourceTree = "<group>";
		};
		9A091C8F21E3BCBB0007F332 /* RememberListTests */ = {
			isa = PBXGroup;
			children = (
				9A091C9021E3BCBB0007F332 /* RememberListTests.swift */,
				9A091C9221E3BCBB0007F332 /* Info.plist */,
			);
			path = RememberListTests;
			sourceTree = "<group>";
		};
		9A091C9A21E3BCBB0007F332 /* RememberListUITests */ = {
			isa = PBXGroup;
			children = (
				9A091C9B21E3BCBB0007F332 /* RememberListUITests.swift */,
				9A091C9D21E3BCBB0007F332 /* Info.plist */,
			);
			path = RememberListUITests;
			sourceTree = "<group>";
		};
/* End PBXGroup section */

/* Begin PBXNativeTarget section */
		9A091C7421E3BCB90007F332 /* RememberList */ = {
			isa = PBXNativeTarget;
			buildConfigurationList = 9A091CA021E3BCBB0007F332 /* Build configuration list for PBXNativeTarget "RememberList" */;
			buildPhases = (
				9A091C7121E3BCB90007F332 /* Sources */,
				9A091C7221E3BCB90007F332 /* Frameworks */,
				9A091C7321E3BCB90007F332 /* Resources */,
			);
			buildRules = (
			);
			dependencies = (
			);
			name = RememberList;
			productName = RememberList;
			productReference = 9A091C7521E3BCB90007F332 /* RememberList.app */;
			productType = "com.apple.product-type.application";
		};
		9A091C8B21E3BCBB0007F332 /* RememberListTests */ = {
			isa = PBXNativeTarget;
			buildConfigurationList = 9A091CA321E3BCBB0007F332 /* Build configuration list for PBXNativeTarget "RememberListTests" */;
			buildPhases = (
				9A091C8821E3BCBB0007F332 /* Sources */,
				9A091C8921E3BCBB0007F332 /* Frameworks */,
				9A091C8A21E3BCBB0007F332 /* Resources */,
			);
			buildRules = (
			);
			dependencies = (
				9A091C8E21E3BCBB0007F332 /* PBXTargetDependency */,
			);
			name = RememberListTests;
			productName = RememberListTests;
			productReference = 9A091C8C21E3BCBB0007F332 /* RememberListTests.xctest */;
			productType = "com.apple.product-type.bundle.unit-test";
		};
		9A091C9621E3BCBB0007F332 /* RememberListUITests */ = {
			isa = PBXNativeTarget;
			buildConfigurationList = 9A091CA621E3BCBB0007F332 /* Build configuration list for PBXNativeTarget "RememberListUITests" */;
			buildPhases = (
				9A091C9321E3BCBB0007F332 /* Sources */,
				9A091C9421E3BCBB0007F332 /* Frameworks */,
				9A091C9521E3BCBB0007F332 /* Resources */,
			);
			buildRules = (
			);
			dependencies = (
				9A091C9921E3BCBB0007F332 /* PBXTargetDependency */,
			);
			name = RememberListUITests;
			productName = RememberListUITests;
			productReference = 9A091C9721E3BCBB0007F332 /* RememberListUITests.xctest */;
			productType = "com.apple.product-type.bundle.ui-testing";
		};
/* End PBXNativeTarget section */

/* Begin PBXProject section */
		9A091C6D21E3BCB90007F332 /* Project object */ = {
			isa = PBXProject;
			attributes = {
				LastSwiftUpdateCheck = 1010;
				LastUpgradeCheck = 1010;
				ORGANIZATIONNAME = "Benjamin Poulsen PRO";
				TargetAttributes = {
					9A091C7421E3BCB90007F332 = {
						CreatedOnToolsVersion = 10.1;
					};
					9A091C8B21E3BCBB0007F332 = {
						CreatedOnToolsVersion = 10.1;
						TestTargetID = 9A091C7421E3BCB90007F332;
					};
					9A091C9621E3BCBB0007F332 = {
						CreatedOnToolsVersion = 10.1;
						TestTargetID = 9A091C7421E3BCB90007F332;
					};
				};
			};
			buildConfigurationList = 9A091C7021E3BCB90007F332 /* Build configuration list for PBXProject "RememberList" */;
			compatibilityVersion = "Xcode 9.3";
			developmentRegion = en;
			hasScannedForEncodings = 0;
			knownRegions = (
				en,
				Base,
			);
			mainGroup = 9A091C6C21E3BCB90007F332;
			productRefGroup = 9A091C7621E3BCB90007F332 /* Products */;
			projectDirPath = "";
			projectRoot = "";
			targets = (
				9A091C7421E3BCB90007F332 /* RememberList */,
				9A091C8B21E3BCBB0007F332 /* RememberListTests */,
				9A091C9621E3BCBB0007F332 /* RememberListUITests */,
			);
		};
/* End PBXProject section */

/* Begin PBXResourcesBuildPhase section */
		9A091C7321E3BCB90007F332 /* Resources */ = {
			isa = PBXResourcesBuildPhase;
			buildActionMask = 2147483647;
			files = (
				9A091C8621E3BCBB0007F332 /* LaunchScreen.storyboard in Resources */,
				9A091C8321E3BCBB0007F332 /* Assets.xcassets in Resources */,
				9A091C7E21E3BCB90007F332 /* Main.storyboard in Resources */,
			);
			runOnlyForDeploymentPostprocessing = 0;
		};
		9A091C8A21E3BCBB0007F332 /* Resources */ = {
			isa = PBXResourcesBuildPhase;
			buildActionMask = 2147483647;
			files = (
			);
			runOnlyForDeploymentPostprocessing = 0;
		};
		9A091C9521E3BCBB0007F332 /* Resources */ = {
			isa = PBXResourcesBuildPhase;
			buildActionMask = 2147483647;
			files = (
			);
			runOnlyForDeploymentPostprocessing = 0;
		};
/* End PBXResourcesBuildPhase section */

/* Begin PBXSourcesBuildPhase section */
		9A091C7121E3BCB90007F332 /* Sources */ = {
			isa = PBXSourcesBuildPhase;
			buildActionMask = 2147483647;
			files = (
				9A091C8121E3BCB90007F332 /* RememberList.xcdatamodeld in Sources */,
				9A091C7921E3BCB90007F332 /* AppDelegate.swift in Sources */,
				9A091CAA21E3C3850007F332 /* ListTableViewController.swift in Sources */,
				9A091CAE21E3C8020007F332 /* DetailViewController.swift in Sources */,
				9A62F90621E513630085F675 /* ListModel.swift in Sources */,
			);
			runOnlyForDeploymentPostprocessing = 0;
		};
		9A091C8821E3BCBB0007F332 /* Sources */ = {
			isa = PBXSourcesBuildPhase;
			buildActionMask = 2147483647;
			files = (
				9A091C9121E3BCBB0007F332 /* RememberListTests.swift in Sources */,
			);
			runOnlyForDeploymentPostprocessing = 0;
		};
		9A091C9321E3BCBB0007F332 /* Sources */ = {
			isa = PBXSourcesBuildPhase;
			buildActionMask = 2147483647;
			files = (
				9A091C9C21E3BCBB0007F332 /* RememberListUITests.swift in Sources */,
			);
			runOnlyForDeploymentPostprocessing = 0;
		};
/* End PBXSourcesBuildPhase section */

/* Begin PBXTargetDependency section */
		9A091C8E21E3BCBB0007F332 /* PBXTargetDependency */ = {
			isa = PBXTargetDependency;
			target = 9A091C7421E3BCB90007F332 /* RememberList */;
			targetProxy = 9A091C8D21E3BCBB0007F332 /* PBXContainerItemProxy */;
		};
		9A091C9921E3BCBB0007F332 /* PBXTargetDependency */ = {
			isa = PBXTargetDependency;
			target = 9A091C7421E3BCB90007F332 /* RememberList */;
			targetProxy = 9A091C9821E3BCBB0007F332 /* PBXContainerItemProxy */;
		};
/* End PBXTargetDependency section */

/* Begin PBXVariantGroup section */
		9A091C7C21E3BCB90007F332 /* Main.storyboard */ = {
			isa = PBXVariantGroup;
			children = (
				9A091C7D21E3BCB90007F332 /* Base */,
			);
			name = Main.storyboard;
			sourceTree = "<group>";
		};
		9A091C8421E3BCBB0007F332 /* LaunchScreen.storyboard */ = {
			isa = PBXVariantGroup;
			children = (
				9A091C8521E3BCBB0007F332 /* Base */,
			);
			name = LaunchScreen.storyboard;
			sourceTree = "<group>";
		};
/* End PBXVariantGroup section */

/* Begin XCBuildConfiguration section */
		9A091C9E21E3BCBB0007F332 /* Debug */ = {
			isa = XCBuildConfiguration;
			buildSettings = {
				ALWAYS_SEARCH_USER_PATHS = NO;
				CLANG_ANALYZER_NONNULL = YES;
				CLANG_ANALYZER_NUMBER_OBJECT_CONVERSION = YES_AGGRESSIVE;
				CLANG_CXX_LANGUAGE_STANDARD = "gnu++14";
				CLANG_CXX_LIBRARY = "libc++";
				CLANG_ENABLE_MODULES = YES;
				CLANG_ENABLE_OBJC_ARC = YES;
				CLANG_ENABLE_OBJC_WEAK = YES;
				CLANG_WARN_BLOCK_CAPTURE_AUTORELEASING = YES;
				CLANG_WARN_BOOL_CONVERSION = YES;
				CLANG_WARN_COMMA = YES;
				CLANG_WARN_CONSTANT_CONVERSION = YES;
				CLANG_WARN_DEPRECATED_OBJC_IMPLEMENTATIONS = YES;
				CLANG_WARN_DIRECT_OBJC_ISA_USAGE = YES_ERROR;
				CLANG_WARN_DOCUMENTATION_COMMENTS = YES;
				CLANG_WARN_EMPTY_BODY = YES;
				CLANG_WARN_ENUM_CONVERSION = YES;
				CLANG_WARN_INFINITE_RECURSION = YES;
				CLANG_WARN_INT_CONVERSION = YES;
				CLANG_WARN_NON_LITERAL_NULL_CONVERSION = YES;
				CLANG_WARN_OBJC_IMPLICIT_RETAIN_SELF = YES;
				CLANG_WARN_OBJC_LITERAL_CONVERSION = YES;
				CLANG_WARN_OBJC_ROOT_CLASS = YES_ERROR;
				CLANG_WARN_RANGE_LOOP_ANALYSIS = YES;
				CLANG_WARN_STRICT_PROTOTYPES = YES;
				CLANG_WARN_SUSPICIOUS_MOVE = YES;
				CLANG_WARN_UNGUARDED_AVAILABILITY = YES_AGGRESSIVE;
				CLANG_WARN_UNREACHABLE_CODE = YES;
				CLANG_WARN__DUPLICATE_METHOD_MATCH = YES;
				CODE_SIGN_IDENTITY = "iPhone Developer";
				COPY_PHASE_STRIP = NO;
				DEBUG_INFORMATION_FORMAT = dwarf;
				ENABLE_STRICT_OBJC_MSGSEND = YES;
				ENABLE_TESTABILITY = YES;
				GCC_C_LANGUAGE_STANDARD = gnu11;
				GCC_DYNAMIC_NO_PIC = NO;
				GCC_NO_COMMON_BLOCKS = YES;
				GCC_OPTIMIZATION_LEVEL = 0;
				GCC_PREPROCESSOR_DEFINITIONS = (
					"DEBUG=1",
					"$(inherited)",
				);
				GCC_WARN_64_TO_32_BIT_CONVERSION = YES;
				GCC_WARN_ABOUT_RETURN_TYPE = YES_ERROR;
				GCC_WARN_UNDECLARED_SELECTOR = YES;
				GCC_WARN_UNINITIALIZED_AUTOS = YES_AGGRESSIVE;
				GCC_WARN_UNUSED_FUNCTION = YES;
				GCC_WARN_UNUSED_VARIABLE = YES;
				IPHONEOS_DEPLOYMENT_TARGET = 12.1;
				MTL_ENABLE_DEBUG_INFO = INCLUDE_SOURCE;
				MTL_FAST_MATH = YES;
				ONLY_ACTIVE_ARCH = YES;
				SDKROOT = iphoneos;
				SWIFT_ACTIVE_COMPILATION_CONDITIONS = DEBUG;
				SWIFT_OPTIMIZATION_LEVEL = "-Onone";
			};
			name = Debug;
		};
		9A091C9F21E3BCBB0007F332 /* Release */ = {
			isa = XCBuildConfiguration;
			buildSettings = {
				ALWAYS_SEARCH_USER_PATHS = NO;
				CLANG_ANALYZER_NONNULL = YES;
				CLANG_ANALYZER_NUMBER_OBJECT_CONVERSION = YES_AGGRESSIVE;
				CLANG_CXX_LANGUAGE_STANDARD = "gnu++14";
				CLANG_CXX_LIBRARY = "libc++";
				CLANG_ENABLE_MODULES = YES;
				CLANG_ENABLE_OBJC_ARC = YES;
				CLANG_ENABLE_OBJC_WEAK = YES;
				CLANG_WARN_BLOCK_CAPTURE_AUTORELEASING = YES;
				CLANG_WARN_BOOL_CONVERSION = YES;
				CLANG_WARN_COMMA = YES;
				CLANG_WARN_CONSTANT_CONVERSION = YES;
				CLANG_WARN_DEPRECATED_OBJC_IMPLEMENTATIONS = YES;
				CLANG_WARN_DIRECT_OBJC_ISA_USAGE = YES_ERROR;
				CLANG_WARN_DOCUMENTATION_COMMENTS = YES;
				CLANG_WARN_EMPTY_BODY = YES;
				CLANG_WARN_ENUM_CONVERSION = YES;
				CLANG_WARN_INFINITE_RECURSION = YES;
				CLANG_WARN_INT_CONVERSION = YES;
				CLANG_WARN_NON_LITERAL_NULL_CONVERSION = YES;
				CLANG_WARN_OBJC_IMPLICIT_RETAIN_SELF = YES;
				CLANG_WARN_OBJC_LITERAL_CONVERSION = YES;
				CLANG_WARN_OBJC_ROOT_CLASS = YES_ERROR;
				CLANG_WARN_RANGE_LOOP_ANALYSIS = YES;
				CLANG_WARN_STRICT_PROTOTYPES = YES;
				CLANG_WARN_SUSPICIOUS_MOVE = YES;
				CLANG_WARN_UNGUARDED_AVAILABILITY = YES_AGGRESSIVE;
				CLANG_WARN_UNREACHABLE_CODE = YES;
				CLANG_WARN__DUPLICATE_METHOD_MATCH = YES;
				CODE_SIGN_IDENTITY = "iPhone Developer";
				COPY_PHASE_STRIP = NO;
				DEBUG_INFORMATION_FORMAT = "dwarf-with-dsym";
				ENABLE_NS_ASSERTIONS = NO;
				ENABLE_STRICT_OBJC_MSGSEND = YES;
				GCC_C_LANGUAGE_STANDARD = gnu11;
				GCC_NO_COMMON_BLOCKS = YES;
				GCC_WARN_64_TO_32_BIT_CONVERSION = YES;
				GCC_WARN_ABOUT_RETURN_TYPE = YES_ERROR;
				GCC_WARN_UNDECLARED_SELECTOR = YES;
				GCC_WARN_UNINITIALIZED_AUTOS = YES_AGGRESSIVE;
				GCC_WARN_UNUSED_FUNCTION = YES;
				GCC_WARN_UNUSED_VARIABLE = YES;
				IPHONEOS_DEPLOYMENT_TARGET = 12.1;
				MTL_ENABLE_DEBUG_INFO = NO;
				MTL_FAST_MATH = YES;
				SDKROOT = iphoneos;
				SWIFT_COMPILATION_MODE = wholemodule;
				SWIFT_OPTIMIZATION_LEVEL = "-O";
				VALIDATE_PRODUCT = YES;
			};
			name = Release;
		};
		9A091CA121E3BCBB0007F332 /* Debug */ = {
			isa = XCBuildConfiguration;
			buildSettings = {
				ASSETCATALOG_COMPILER_APPICON_NAME = AppIcon;
				CODE_SIGN_STYLE = Automatic;
				INFOPLIST_FILE = RememberList/Info.plist;
				LD_RUNPATH_SEARCH_PATHS = (
					"$(inherited)",
					"@executable_path/Frameworks",
				);
				PRODUCT_BUNDLE_IDENTIFIER = coffee.RememberList;
				PRODUCT_NAME = "$(TARGET_NAME)";
				SWIFT_VERSION = 4.2;
				TARGETED_DEVICE_FAMILY = "1,2";
			};
			name = Debug;
		};
		9A091CA221E3BCBB0007F332 /* Release */ = {
			isa = XCBuildConfiguration;
			buildSettings = {
				ASSETCATALOG_COMPILER_APPICON_NAME = AppIcon;
				CODE_SIGN_STYLE = Automatic;
				INFOPLIST_FILE = RememberList/Info.plist;
				LD_RUNPATH_SEARCH_PATHS = (
					"$(inherited)",
					"@executable_path/Frameworks",
				);
				PRODUCT_BUNDLE_IDENTIFIER = coffee.RememberList;
				PRODUCT_NAME = "$(TARGET_NAME)";
				SWIFT_VERSION = 4.2;
				TARGETED_DEVICE_FAMILY = "1,2";
			};
			name = Release;
		};
		9A091CA421E3BCBB0007F332 /* Debug */ = {
			isa = XCBuildConfiguration;
			buildSettings = {
				ALWAYS_EMBED_SWIFT_STANDARD_LIBRARIES = YES;
				BUNDLE_LOADER = "$(TEST_HOST)";
				CODE_SIGN_STYLE = Automatic;
				INFOPLIST_FILE = RememberListTests/Info.plist;
				LD_RUNPATH_SEARCH_PATHS = (
					"$(inherited)",
					"@executable_path/Frameworks",
					"@loader_path/Frameworks",
				);
				PRODUCT_BUNDLE_IDENTIFIER = coffee.RememberListTests;
				PRODUCT_NAME = "$(TARGET_NAME)";
				SWIFT_VERSION = 4.2;
				TARGETED_DEVICE_FAMILY = "1,2";
				TEST_HOST = "$(BUILT_PRODUCTS_DIR)/RememberList.app/RememberList";
			};
			name = Debug;
		};
		9A091CA521E3BCBB0007F332 /* Release */ = {
			isa = XCBuildConfiguration;
			buildSettings = {
				ALWAYS_EMBED_SWIFT_STANDARD_LIBRARIES = YES;
				BUNDLE_LOADER = "$(TEST_HOST)";
				CODE_SIGN_STYLE = Automatic;
				INFOPLIST_FILE = RememberListTests/Info.plist;
				LD_RUNPATH_SEARCH_PATHS = (
					"$(inherited)",
					"@executable_path/Frameworks",
					"@loader_path/Frameworks",
				);
				PRODUCT_BUNDLE_IDENTIFIER = coffee.RememberListTests;
				PRODUCT_NAME = "$(TARGET_NAME)";
				SWIFT_VERSION = 4.2;
				TARGETED_DEVICE_FAMILY = "1,2";
				TEST_HOST = "$(BUILT_PRODUCTS_DIR)/RememberList.app/RememberList";
			};
			name = Release;
		};
		9A091CA721E3BCBB0007F332 /* Debug */ = {
			isa = XCBuildConfiguration;
			buildSettings = {
				ALWAYS_EMBED_SWIFT_STANDARD_LIBRARIES = YES;
				CODE_SIGN_STYLE = Automatic;
				INFOPLIST_FILE = RememberListUITests/Info.plist;
				LD_RUNPATH_SEARCH_PATHS = (
					"$(inherited)",
					"@executable_path/Frameworks",
					"@loader_path/Frameworks",
				);
				PRODUCT_BUNDLE_IDENTIFIER = coffee.RememberListUITests;
				PRODUCT_NAME = "$(TARGET_NAME)";
				SWIFT_VERSION = 4.2;
				TARGETED_DEVICE_FAMILY = "1,2";
				TEST_TARGET_NAME = RememberList;
			};
			name = Debug;
		};
		9A091CA821E3BCBB0007F332 /* Release */ = {
			isa = XCBuildConfiguration;
			buildSettings = {
				ALWAYS_EMBED_SWIFT_STANDARD_LIBRARIES = YES;
				CODE_SIGN_STYLE = Automatic;
				INFOPLIST_FILE = RememberListUITests/Info.plist;
				LD_RUNPATH_SEARCH_PATHS = (
					"$(inherited)",
					"@executable_path/Frameworks",
					"@loader_path/Frameworks",
				);
				PRODUCT_BUNDLE_IDENTIFIER = coffee.RememberListUITests;
				PRODUCT_NAME = "$(TARGET_NAME)";
				SWIFT_VERSION = 4.2;
				TARGETED_DEVICE_FAMILY = "1,2";
				TEST_TARGET_NAME = RememberList;
			};
			name = Release;
		};
/* End XCBuildConfiguration section */

/* Begin XCConfigurationList section */
		9A091C7021E3BCB90007F332 /* Build configuration list for PBXProject "RememberList" */ = {
			isa = XCConfigurationList;
			buildConfigurations = (
				9A091C9E21E3BCBB0007F332 /* Debug */,
				9A091C9F21E3BCBB0007F332 /* Release */,
			);
			defaultConfigurationIsVisible = 0;
			defaultConfigurationName = Release;
		};
		9A091CA021E3BCBB0007F332 /* Build configuration list for PBXNativeTarget "RememberList" */ = {
			isa = XCConfigurationList;
			buildConfigurations = (
				9A091CA121E3BCBB0007F332 /* Debug */,
				9A091CA221E3BCBB0007F332 /* Release */,
			);
			defaultConfigurationIsVisible = 0;
			defaultConfigurationName = Release;
		};
		9A091CA321E3BCBB0007F332 /* Build configuration list for PBXNativeTarget "RememberListTests" */ = {
			isa = XCConfigurationList;
			buildConfigurations = (
				9A091CA421E3BCBB0007F332 /* Debug */,
				9A091CA521E3BCBB0007F332 /* Release */,
			);
			defaultConfigurationIsVisible = 0;
			defaultConfigurationName = Release;
		};
		9A091CA621E3BCBB0007F332 /* Build configuration list for PBXNativeTarget "RememberListUITests" */ = {
			isa = XCConfigurationList;
			buildConfigurations = (
				9A091CA721E3BCBB0007F332 /* Debug */,
				9A091CA821E3BCBB0007F332 /* Release */,
			);
			defaultConfigurationIsVisible = 0;
			defaultConfigurationName = Release;
		};
/* End XCConfigurationList section */

/* Begin XCVersionGroup section */
		9A091C7F21E3BCB90007F332 /* RememberList.xcdatamodeld */ = {
			isa = XCVersionGroup;
			children = (
				9A091C8021E3BCB90007F332 /* RememberList.xcdatamodel */,
			);
			currentVersion = 9A091C8021E3BCB90007F332 /* RememberList.xcdatamodel */;
			path = RememberList.xcdatamodeld;
			sourceTree = "<group>";
			versionGroupType = wrapper.xcdatamodel;
		};
/* End XCVersionGroup section */
	};
	rootObject = 9A091C6D21E3BCB90007F332 /* Project object */;
}
